{
  "name": "reactor-core-lib",
  "version": "1.2.12",
  "lockfileVersion": 3,
  "requires": true,
  "packages": {
    "": {
      "name": "reactor-core-lib",
      "version": "1.2.12",
      "license": "ISC",
      "peerDependencies": {
        "decimal.js": ">=10.0.0"
      },
      "peerDependenciesMeta": {
        "decimal.js": {
          "optional": false
        }
      }
    },
    "node_modules/decimal.js": {
      "version": "10.6.0",
      "license": "MIT",
      "peer": true
    }
  }
}
